
Microsoft Visual Studio Solution File, Format Version 12.00
# Visual Studio Version 17
VisualStudioVersion = 17.9.34607.119
MinimumVisualStudioVersion = 10.0.40219.1
Project("{888888A0-9F3D-457C-B088-3A5042F75D52}") = "Crackword", "Crackword.pyproj", "{A2A0C44C-91D1-4E14-B998-AE6A55AC8C97}"
EndProject
Global
	GlobalSection(SolutionConfigurationPlatforms) = preSolution
		Debug|Any CPU = Debug|Any CPU
		Release|Any CPU = Release|Any CPU
	EndGlobalSection
	GlobalSection(ProjectConfigurationPlatforms) = postSolution
		{A2A0C44C-91D1-4E14-B998-AE6A55AC8C97}.Debug|Any CPU.ActiveCfg = Debug|Any CPU
		{A2A0C44C-91D1-4E14-B998-AE6A55AC8C97}.Release|Any CPU.ActiveCfg = Release|Any CPU
	EndGlobalSection
	GlobalSection(SolutionProperties) = preSolution
		HideSolutionNode = FALSE
	EndGlobalSection
	GlobalSection(ExtensibilityGlobals) = postSolution
		SolutionGuid = {EE7ABDFA-D99A-4693-BDEA-A73535DBEF62}
	EndGlobalSection
EndGlobal
